
Microsoft Visual Studio Solution File, Format Version 12.00
# Visual Studio 2013
VisualStudioVersion = 12.0.21005.1
MinimumVisualStudioVersion = 10.0.40219.1
Project("{FAE04EC0-301F-11D3-BF4B-00C04F79EFBC}") = "gui", "gui.csproj", "{FE40C14A-0D62-4017-9E05-770E62C92E23}"
EndProject
Global
	GlobalSection(SolutionConfigurationPlatforms) = preSolution
		Debug|Any CPU = Debug|Any CPU
		Release|Any CPU = Release|Any CPU
	EndGlobalSection
	GlobalSection(ProjectConfigurationPlatforms) = postSolution
		{FE40C14A-0D62-4017-9E05-770E62C92E23}.Debug|Any CPU.ActiveCfg = Debug|Any CPU
		{FE40C14A-0D62-4017-9E05-770E62C92E23}.Debug|Any CPU.Build.0 = Debug|Any CPU
		{FE40C14A-0D62-4017-9E05-770E62C92E23}.Release|Any CPU.ActiveCfg = Release|Any CPU
		{FE40C14A-0D62-4017-9E05-770E62C92E23}.Release|Any CPU.Build.0 = Release|Any CPU
	EndGlobalSection
	GlobalSection(SolutionProperties) = preSolution
		HideSolutionNode = FALSE
	EndGlobalSection
EndGlobal
